
Microsoft Visual Studio Solution File, Format Version 12.00
Project("{FAE04EC0-301F-11D3-BF4B-00C04F79EFBC}") = "Pro2ha5Weight", "Pro2ha5Weight\Pro2ha5Weight.csproj", "{3BE04F9D-891D-4E88-9F50-925A469DB507}"
EndProject
Global
	GlobalSection(SolutionConfigurationPlatforms) = preSolution
		Debug|Any CPU = Debug|Any CPU
		Release|Any CPU = Release|Any CPU
	EndGlobalSection
	GlobalSection(ProjectConfigurationPlatforms) = postSolution
		{3BE04F9D-891D-4E88-9F50-925A469DB507}.Debug|Any CPU.ActiveCfg = Debug|Any CPU
		{3BE04F9D-891D-4E88-9F50-925A469DB507}.Debug|Any CPU.Build.0 = Debug|Any CPU
		{3BE04F9D-891D-4E88-9F50-925A469DB507}.Release|Any CPU.ActiveCfg = Release|Any CPU
		{3BE04F9D-891D-4E88-9F50-925A469DB507}.Release|Any CPU.Build.0 = Release|Any CPU
	EndGlobalSection
EndGlobal
