
Microsoft Visual Studio Solution File, Format Version 12.00
Project("{FAE04EC0-301F-11D3-BF4B-00C04F79EFBC}") = "ConsolenAusgabe", "ConsolenAusgabe\ConsolenAusgabe.csproj", "{D342AC92-D573-4475-8226-E84073254EC2}"
EndProject
Global
	GlobalSection(SolutionConfigurationPlatforms) = preSolution
		Debug|Any CPU = Debug|Any CPU
		Release|Any CPU = Release|Any CPU
	EndGlobalSection
	GlobalSection(ProjectConfigurationPlatforms) = postSolution
		{D342AC92-D573-4475-8226-E84073254EC2}.Debug|Any CPU.ActiveCfg = Debug|Any CPU
		{D342AC92-D573-4475-8226-E84073254EC2}.Debug|Any CPU.Build.0 = Debug|Any CPU
		{D342AC92-D573-4475-8226-E84073254EC2}.Release|Any CPU.ActiveCfg = Release|Any CPU
		{D342AC92-D573-4475-8226-E84073254EC2}.Release|Any CPU.Build.0 = Release|Any CPU
	EndGlobalSection
EndGlobal
